{
  "name": "odichatlp",
  "lockfileVersion": 3,
  "requires": true,
  "packages": {
    "": {
      "devDependencies": {
        "daisyui": "^5.0.28",
        "tailwindcss": "^4.1.4"
      }
    },
    "node_modules/daisyui": {
      "version": "5.0.28",
      "resolved": "https://registry.npmjs.org/daisyui/-/daisyui-5.0.28.tgz",
      "integrity": "sha512-H082p8Lg3c7Se9wTbjfSOOhfUbp3BnOM2+cdr3OeY5G1Ll7GYLXB9NWLHgitkTsB1pQKwHRYYchqN2YG0VVShg==",
      "dev": true,
      "license": "MIT",
      "funding": {
        "url": "https://github.com/saadeghi/daisyui?sponsor=1"
      }
    },
    "node_modules/tailwindcss": {
      "version": "4.1.4",
      "resolved": "https://registry.npmjs.org/tailwindcss/-/tailwindcss-4.1.4.tgz",
      "integrity": "sha512-1ZIUqtPITFbv/DxRmDr5/agPqJwF69d24m9qmM1939TJehgY539CtzeZRjbLt5G6fSy/7YqqYsfvoTEw9xUI2A==",
      "dev": true,
      "license": "MIT"
    }
  }
}
